
Microsoft Visual Studio Solution File, Format Version 12.00
# Visual Studio 2013
VisualStudioVersion = 12.0.21005.1
MinimumVisualStudioVersion = 10.0.40219.1
Project("{FAE04EC0-301F-11D3-BF4B-00C04F79EFBC}") = "PLC", "PLC\PLC.csproj", "{A6973E11-E96E-45C1-8A3F-3D2E6F07B64A}"
EndProject
Project("{FAE04EC0-301F-11D3-BF4B-00C04F79EFBC}") = "PL", "PL\PL.csproj", "{6B441DA1-DFDF-4352-8B19-7F7222B6B406}"
EndProject
Project("{FAE04EC0-301F-11D3-BF4B-00C04F79EFBC}") = "PLForm", "PLForm\PLForm.csproj", "{EC4DD490-8BD9-4E1A-AF29-E93BA27FC5A9}"
EndProject
Project("{2150E333-8FDC-42A3-9474-1A3956D46DE8}") = "NewFolder1", "NewFolder1", "{3F3E1DCC-36F1-43C6-81C3-FB071C88D5BF}"
	ProjectSection(SolutionItems) = preProject
		Setups\PLForm\pl.iss = Setups\PLForm\pl.iss
	EndProjectSection
EndProject
Global
	GlobalSection(SolutionConfigurationPlatforms) = preSolution
		Debug|Any CPU = Debug|Any CPU
		Release|Any CPU = Release|Any CPU
	EndGlobalSection
	GlobalSection(ProjectConfigurationPlatforms) = postSolution
		{A6973E11-E96E-45C1-8A3F-3D2E6F07B64A}.Debug|Any CPU.ActiveCfg = Debug|Any CPU
		{A6973E11-E96E-45C1-8A3F-3D2E6F07B64A}.Debug|Any CPU.Build.0 = Debug|Any CPU
		{A6973E11-E96E-45C1-8A3F-3D2E6F07B64A}.Release|Any CPU.ActiveCfg = Release|Any CPU
		{A6973E11-E96E-45C1-8A3F-3D2E6F07B64A}.Release|Any CPU.Build.0 = Release|Any CPU
		{6B441DA1-DFDF-4352-8B19-7F7222B6B406}.Debug|Any CPU.ActiveCfg = Debug|Any CPU
		{6B441DA1-DFDF-4352-8B19-7F7222B6B406}.Debug|Any CPU.Build.0 = Debug|Any CPU
		{6B441DA1-DFDF-4352-8B19-7F7222B6B406}.Release|Any CPU.ActiveCfg = Release|Any CPU
		{6B441DA1-DFDF-4352-8B19-7F7222B6B406}.Release|Any CPU.Build.0 = Release|Any CPU
		{EC4DD490-8BD9-4E1A-AF29-E93BA27FC5A9}.Debug|Any CPU.ActiveCfg = Debug|Any CPU
		{EC4DD490-8BD9-4E1A-AF29-E93BA27FC5A9}.Debug|Any CPU.Build.0 = Debug|Any CPU
		{EC4DD490-8BD9-4E1A-AF29-E93BA27FC5A9}.Release|Any CPU.ActiveCfg = Release|Any CPU
		{EC4DD490-8BD9-4E1A-AF29-E93BA27FC5A9}.Release|Any CPU.Build.0 = Release|Any CPU
	EndGlobalSection
	GlobalSection(SolutionProperties) = preSolution
		HideSolutionNode = FALSE
	EndGlobalSection
EndGlobal
